
Microsoft Visual Studio Solution File, Format Version 12.00
# Visual Studio Version 16
VisualStudioVersion = 16.0.32228.547
MinimumVisualStudioVersion = 10.0.40219.1
Project("{FAE04EC0-301F-11D3-BF4B-00C04F79EFBC}") = "First Project", "First Project\First Project.csproj", "{9E3DEAC7-2CB2-415C-AAE6-B6D8DCE107E7}"
EndProject
Global
	GlobalSection(SolutionConfigurationPlatforms) = preSolution
		Debug|Any CPU = Debug|Any CPU
		Release|Any CPU = Release|Any CPU
	EndGlobalSection
	GlobalSection(ProjectConfigurationPlatforms) = postSolution
		{9E3DEAC7-2CB2-415C-AAE6-B6D8DCE107E7}.Debug|Any CPU.ActiveCfg = Debug|Any CPU
		{9E3DEAC7-2CB2-415C-AAE6-B6D8DCE107E7}.Debug|Any CPU.Build.0 = Debug|Any CPU
		{9E3DEAC7-2CB2-415C-AAE6-B6D8DCE107E7}.Release|Any CPU.ActiveCfg = Release|Any CPU
		{9E3DEAC7-2CB2-415C-AAE6-B6D8DCE107E7}.Release|Any CPU.Build.0 = Release|Any CPU
	EndGlobalSection
	GlobalSection(SolutionProperties) = preSolution
		HideSolutionNode = FALSE
	EndGlobalSection
	GlobalSection(ExtensibilityGlobals) = postSolution
		SolutionGuid = {B6DFC46D-AEA3-4DCE-8EEC-B32254352745}
	EndGlobalSection
EndGlobal
